
Microsoft Visual Studio Solution File, Format Version 12.00
# Visual Studio Version 16
VisualStudioVersion = 16.0.810.5
MinimumVisualStudioVersion = 10.0.40219.1
Project("{FAE04EC0-301F-11D3-BF4B-00C04F79EFBC}") = "AddTwoNumbers_LeetCode", "AddTwoNumbers_LeetCode\AddTwoNumbers_LeetCode.csproj", "{F2FE7C3D-C1FD-4E3D-A21B-59B4540395A4}"
EndProject
Global
	GlobalSection(SolutionConfigurationPlatforms) = preSolution
		Debug|Any CPU = Debug|Any CPU
		Release|Any CPU = Release|Any CPU
	EndGlobalSection
	GlobalSection(ProjectConfigurationPlatforms) = postSolution
		{F2FE7C3D-C1FD-4E3D-A21B-59B4540395A4}.Debug|Any CPU.ActiveCfg = Debug|Any CPU
		{F2FE7C3D-C1FD-4E3D-A21B-59B4540395A4}.Debug|Any CPU.Build.0 = Debug|Any CPU
		{F2FE7C3D-C1FD-4E3D-A21B-59B4540395A4}.Release|Any CPU.ActiveCfg = Release|Any CPU
		{F2FE7C3D-C1FD-4E3D-A21B-59B4540395A4}.Release|Any CPU.Build.0 = Release|Any CPU
	EndGlobalSection
	GlobalSection(SolutionProperties) = preSolution
		HideSolutionNode = FALSE
	EndGlobalSection
	GlobalSection(ExtensibilityGlobals) = postSolution
		SolutionGuid = {B041C2C6-B189-486E-A881-1B8BA5EBDE6C}
	EndGlobalSection
EndGlobal
